
Microsoft Visual Studio Solution File, Format Version 12.00
# Visual Studio 15
VisualStudioVersion = 15.0.28307.705
MinimumVisualStudioVersion = 10.0.40219.1
Project("{FAE04EC0-301F-11D3-BF4B-00C04F79EFBC}") = "MVCBeginnerApplication", "MVCBeginnerApplication\MVCBeginnerApplication.csproj", "{AC0F1752-D3B6-47BA-BA7F-174E3E3E535B}"
EndProject
Project("{FAE04EC0-301F-11D3-BF4B-00C04F79EFBC}") = "UnitTestProject", "UnitTestProject\UnitTestProject.csproj", "{16D6545F-FD64-4DA0-B405-8D782899CBA7}"
EndProject
Global
	GlobalSection(SolutionConfigurationPlatforms) = preSolution
		Debug|Any CPU = Debug|Any CPU
		Release|Any CPU = Release|Any CPU
	EndGlobalSection
	GlobalSection(ProjectConfigurationPlatforms) = postSolution
		{AC0F1752-D3B6-47BA-BA7F-174E3E3E535B}.Debug|Any CPU.ActiveCfg = Debug|Any CPU
		{AC0F1752-D3B6-47BA-BA7F-174E3E3E535B}.Debug|Any CPU.Build.0 = Debug|Any CPU
		{AC0F1752-D3B6-47BA-BA7F-174E3E3E535B}.Release|Any CPU.ActiveCfg = Release|Any CPU
		{AC0F1752-D3B6-47BA-BA7F-174E3E3E535B}.Release|Any CPU.Build.0 = Release|Any CPU
		{16D6545F-FD64-4DA0-B405-8D782899CBA7}.Debug|Any CPU.ActiveCfg = Debug|Any CPU
		{16D6545F-FD64-4DA0-B405-8D782899CBA7}.Debug|Any CPU.Build.0 = Debug|Any CPU
		{16D6545F-FD64-4DA0-B405-8D782899CBA7}.Release|Any CPU.ActiveCfg = Release|Any CPU
		{16D6545F-FD64-4DA0-B405-8D782899CBA7}.Release|Any CPU.Build.0 = Release|Any CPU
	EndGlobalSection
	GlobalSection(SolutionProperties) = preSolution
		HideSolutionNode = FALSE
	EndGlobalSection
	GlobalSection(ExtensibilityGlobals) = postSolution
		SolutionGuid = {1E57000D-BE39-4723-B4E6-78FD0A46FEFD}
	EndGlobalSection
EndGlobal
